
Microsoft Visual Studio Solution File, Format Version 12.00
# Visual Studio Version 16
VisualStudioVersion = 16.0.29230.47
MinimumVisualStudioVersion = 10.0.40219.1
Project("{FAE04EC0-301F-11D3-BF4B-00C04F79EFBC}") = "TestCodeasyNet", "TestCodeasyNet.csproj", "{8978EF64-F483-435F-B7BF-2F7302380BB3}"
EndProject
Global
	GlobalSection(SolutionConfigurationPlatforms) = preSolution
		Debug|Any CPU = Debug|Any CPU
		Release|Any CPU = Release|Any CPU
	EndGlobalSection
	GlobalSection(ProjectConfigurationPlatforms) = postSolution
		{8978EF64-F483-435F-B7BF-2F7302380BB3}.Debug|Any CPU.ActiveCfg = Debug|Any CPU
		{8978EF64-F483-435F-B7BF-2F7302380BB3}.Debug|Any CPU.Build.0 = Debug|Any CPU
		{8978EF64-F483-435F-B7BF-2F7302380BB3}.Release|Any CPU.ActiveCfg = Release|Any CPU
		{8978EF64-F483-435F-B7BF-2F7302380BB3}.Release|Any CPU.Build.0 = Release|Any CPU
	EndGlobalSection
	GlobalSection(SolutionProperties) = preSolution
		HideSolutionNode = FALSE
	EndGlobalSection
	GlobalSection(ExtensibilityGlobals) = postSolution
		SolutionGuid = {5BDDD373-7315-4CA5-9C11-110372BEBCE4}
	EndGlobalSection
EndGlobal
